
Microsoft Visual Studio Solution File, Format Version 12.00
# Visual Studio Version 17
VisualStudioVersion = 17.14.36119.2 d17.14
MinimumVisualStudioVersion = 10.0.40219.1
Project("{FAE04EC0-301F-11D3-BF4B-00C04F79EFBC}") = "HelloAppium", "HelloAppium\HelloAppium.csproj", "{104E9400-74D4-4EFA-B8D2-F4CF23EE5B6A}"
EndProject
Project("{FAE04EC0-301F-11D3-BF4B-00C04F79EFBC}") = "HelloAppiumTest", "HelloAppiumTest\HelloAppiumTest.csproj", "{ACB3D49E-451C-4A4F-9770-2C8251DE8284}"
EndProject
Global
	GlobalSection(SolutionConfigurationPlatforms) = preSolution
		Debug|Any CPU = Debug|Any CPU
		Release|Any CPU = Release|Any CPU
	EndGlobalSection
	GlobalSection(ProjectConfigurationPlatforms) = postSolution
		{104E9400-74D4-4EFA-B8D2-F4CF23EE5B6A}.Debug|Any CPU.ActiveCfg = Debug|Any CPU
		{104E9400-74D4-4EFA-B8D2-F4CF23EE5B6A}.Debug|Any CPU.Build.0 = Debug|Any CPU
		{104E9400-74D4-4EFA-B8D2-F4CF23EE5B6A}.Debug|Any CPU.Deploy.0 = Debug|Any CPU
		{104E9400-74D4-4EFA-B8D2-F4CF23EE5B6A}.Release|Any CPU.ActiveCfg = Release|Any CPU
		{104E9400-74D4-4EFA-B8D2-F4CF23EE5B6A}.Release|Any CPU.Build.0 = Release|Any CPU
		{104E9400-74D4-4EFA-B8D2-F4CF23EE5B6A}.Release|Any CPU.Deploy.0 = Release|Any CPU
		{ACB3D49E-451C-4A4F-9770-2C8251DE8284}.Debug|Any CPU.ActiveCfg = Debug|Any CPU
		{ACB3D49E-451C-4A4F-9770-2C8251DE8284}.Debug|Any CPU.Build.0 = Debug|Any CPU
		{ACB3D49E-451C-4A4F-9770-2C8251DE8284}.Release|Any CPU.ActiveCfg = Release|Any CPU
		{ACB3D49E-451C-4A4F-9770-2C8251DE8284}.Release|Any CPU.Build.0 = Release|Any CPU
	EndGlobalSection
	GlobalSection(SolutionProperties) = preSolution
		HideSolutionNode = FALSE
	EndGlobalSection
	GlobalSection(ExtensibilityGlobals) = postSolution
		SolutionGuid = {152582BC-7F03-4458-8CB0-851CDAE10BAB}
	EndGlobalSection
EndGlobal
