
Microsoft Visual Studio Solution File, Format Version 12.00
# Visual Studio Version 17
VisualStudioVersion = 17.14.36119.2 d17.14
MinimumVisualStudioVersion = 10.0.40219.1
Project("{FAE04EC0-301F-11D3-BF4B-00C04F79EFBC}") = "PizzaAPP Picker", "PizzaAPP Picker\PizzaAPP Picker.csproj", "{9B284623-1B88-4ABD-9520-C8DEB00C18C1}"
EndProject
Global
	GlobalSection(SolutionConfigurationPlatforms) = preSolution
		Debug|Any CPU = Debug|Any CPU
		Release|Any CPU = Release|Any CPU
	EndGlobalSection
	GlobalSection(ProjectConfigurationPlatforms) = postSolution
		{9B284623-1B88-4ABD-9520-C8DEB00C18C1}.Debug|Any CPU.ActiveCfg = Debug|Any CPU
		{9B284623-1B88-4ABD-9520-C8DEB00C18C1}.Debug|Any CPU.Build.0 = Debug|Any CPU
		{9B284623-1B88-4ABD-9520-C8DEB00C18C1}.Debug|Any CPU.Deploy.0 = Debug|Any CPU
		{9B284623-1B88-4ABD-9520-C8DEB00C18C1}.Release|Any CPU.ActiveCfg = Release|Any CPU
		{9B284623-1B88-4ABD-9520-C8DEB00C18C1}.Release|Any CPU.Build.0 = Release|Any CPU
		{9B284623-1B88-4ABD-9520-C8DEB00C18C1}.Release|Any CPU.Deploy.0 = Release|Any CPU
	EndGlobalSection
	GlobalSection(SolutionProperties) = preSolution
		HideSolutionNode = FALSE
	EndGlobalSection
	GlobalSection(ExtensibilityGlobals) = postSolution
		SolutionGuid = {0D41D50F-163D-41A2-8574-ACACB639D7E2}
	EndGlobalSection
EndGlobal
