
Microsoft Visual Studio Solution File, Format Version 12.00
# Visual Studio Version 17
VisualStudioVersion = 17.14.36119.2 d17.14
MinimumVisualStudioVersion = 10.0.40219.1
Project("{FAE04EC0-301F-11D3-BF4B-00C04F79EFBC}") = "Esercizio2-Equation", "Esercizio2-Equation\Esercizio2-Equation.csproj", "{A0DF1D9A-25FA-4D9B-9FD3-83758CDEC531}"
EndProject
Global
	GlobalSection(SolutionConfigurationPlatforms) = preSolution
		Debug|Any CPU = Debug|Any CPU
		Release|Any CPU = Release|Any CPU
	EndGlobalSection
	GlobalSection(ProjectConfigurationPlatforms) = postSolution
		{A0DF1D9A-25FA-4D9B-9FD3-83758CDEC531}.Debug|Any CPU.ActiveCfg = Debug|Any CPU
		{A0DF1D9A-25FA-4D9B-9FD3-83758CDEC531}.Debug|Any CPU.Build.0 = Debug|Any CPU
		{A0DF1D9A-25FA-4D9B-9FD3-83758CDEC531}.Debug|Any CPU.Deploy.0 = Debug|Any CPU
		{A0DF1D9A-25FA-4D9B-9FD3-83758CDEC531}.Release|Any CPU.ActiveCfg = Release|Any CPU
		{A0DF1D9A-25FA-4D9B-9FD3-83758CDEC531}.Release|Any CPU.Build.0 = Release|Any CPU
		{A0DF1D9A-25FA-4D9B-9FD3-83758CDEC531}.Release|Any CPU.Deploy.0 = Release|Any CPU
	EndGlobalSection
	GlobalSection(SolutionProperties) = preSolution
		HideSolutionNode = FALSE
	EndGlobalSection
	GlobalSection(ExtensibilityGlobals) = postSolution
		SolutionGuid = {46B45B61-E412-4F79-B495-D63C7D5E6D30}
	EndGlobalSection
EndGlobal
